
Microsoft Visual Studio Solution File, Format Version 12.00
# Visual Studio Version 17
VisualStudioVersion = 17.10.35122.118
MinimumVisualStudioVersion = 10.0.40219.1
Project("{9A19103F-16F7-4668-BE54-9A1E7A4F7556}") = "PricingCalculator.Api", "PricingCalculator.Api\PricingCalculator.Api.csproj", "{96E829A1-A9A3-44FE-A885-8262A63DE3F9}"
EndProject
Project("{2150E333-8FDC-42A3-9474-1A3956D46DE8}") = "hosts", "hosts", "{0B7EEBA2-B149-4FCA-AB33-F46EB600F469}"
EndProject
Project("{2150E333-8FDC-42A3-9474-1A3956D46DE8}") = "libs", "libs", "{E2C31F35-29BA-41DF-AA84-0E0CE0AD12CB}"
EndProject
Project("{2150E333-8FDC-42A3-9474-1A3956D46DE8}") = "tests", "tests", "{5FE7E6BD-F61A-4343-B5E3-123B7C52A2ED}"
EndProject
Project("{9A19103F-16F7-4668-BE54-9A1E7A4F7556}") = "PricingCalculator.DataAccess", "PricingCalculator.DataAccess\PricingCalculator.DataAccess.csproj", "{64DDEB89-DC63-4C23-BF7E-8191CE46545E}"
EndProject
Project("{9A19103F-16F7-4668-BE54-9A1E7A4F7556}") = "PricingCalculator.Domain", "PricingCalculator.Domain\PricingCalculator.Domain.csproj", "{EC5EE85A-B4C4-44F5-9BBC-0FE453A0AD2A}"
EndProject
Project("{9A19103F-16F7-4668-BE54-9A1E7A4F7556}") = "PricingCalculator.Logic", "PricingCalculator.Logic\PricingCalculator.Logic.csproj", "{5EB6E30A-66DC-4F2B-A09C-5E941742800B}"
EndProject
Project("{9A19103F-16F7-4668-BE54-9A1E7A4F7556}") = "PricingCalculator.DataAccess.Tests", "PricingCalculator.Tests\PricingCalculator.DataAccess.Tests\PricingCalculator.DataAccess.Tests.csproj", "{04CD7977-F1CE-4B2F-BEB3-9AD454A7A794}"
EndProject
Project("{9A19103F-16F7-4668-BE54-9A1E7A4F7556}") = "PricingCalculator.Domain.Tests", "PricingCalculator.Tests\PricingCalculator.Domain.Tests\PricingCalculator.Domain.Tests.csproj", "{A7C7E993-0C2A-4920-8D07-843278424E0D}"
EndProject
Project("{9A19103F-16F7-4668-BE54-9A1E7A4F7556}") = "PricingCalculator.Logic.Tests", "PricingCalculator.Tests\PricingCalculator.Logic.Tests\PricingCalculator.Logic.Tests.csproj", "{D70F3D1C-1F22-42D7-822F-7D360D561BDB}"
EndProject
Global
	GlobalSection(SolutionConfigurationPlatforms) = preSolution
		Debug|Any CPU = Debug|Any CPU
		Release|Any CPU = Release|Any CPU
	EndGlobalSection
	GlobalSection(ProjectConfigurationPlatforms) = postSolution
		{96E829A1-A9A3-44FE-A885-8262A63DE3F9}.Debug|Any CPU.ActiveCfg = Debug|Any CPU
		{96E829A1-A9A3-44FE-A885-8262A63DE3F9}.Debug|Any CPU.Build.0 = Debug|Any CPU
		{96E829A1-A9A3-44FE-A885-8262A63DE3F9}.Release|Any CPU.ActiveCfg = Release|Any CPU
		{96E829A1-A9A3-44FE-A885-8262A63DE3F9}.Release|Any CPU.Build.0 = Release|Any CPU
		{64DDEB89-DC63-4C23-BF7E-8191CE46545E}.Debug|Any CPU.ActiveCfg = Debug|Any CPU
		{64DDEB89-DC63-4C23-BF7E-8191CE46545E}.Debug|Any CPU.Build.0 = Debug|Any CPU
		{64DDEB89-DC63-4C23-BF7E-8191CE46545E}.Release|Any CPU.ActiveCfg = Release|Any CPU
		{64DDEB89-DC63-4C23-BF7E-8191CE46545E}.Release|Any CPU.Build.0 = Release|Any CPU
		{EC5EE85A-B4C4-44F5-9BBC-0FE453A0AD2A}.Debug|Any CPU.ActiveCfg = Debug|Any CPU
		{EC5EE85A-B4C4-44F5-9BBC-0FE453A0AD2A}.Debug|Any CPU.Build.0 = Debug|Any CPU
		{EC5EE85A-B4C4-44F5-9BBC-0FE453A0AD2A}.Release|Any CPU.ActiveCfg = Release|Any CPU
		{EC5EE85A-B4C4-44F5-9BBC-0FE453A0AD2A}.Release|Any CPU.Build.0 = Release|Any CPU
		{5EB6E30A-66DC-4F2B-A09C-5E941742800B}.Debug|Any CPU.ActiveCfg = Debug|Any CPU
		{5EB6E30A-66DC-4F2B-A09C-5E941742800B}.Debug|Any CPU.Build.0 = Debug|Any CPU
		{5EB6E30A-66DC-4F2B-A09C-5E941742800B}.Release|Any CPU.ActiveCfg = Release|Any CPU
		{5EB6E30A-66DC-4F2B-A09C-5E941742800B}.Release|Any CPU.Build.0 = Release|Any CPU
		{04CD7977-F1CE-4B2F-BEB3-9AD454A7A794}.Debug|Any CPU.ActiveCfg = Debug|Any CPU
		{04CD7977-F1CE-4B2F-BEB3-9AD454A7A794}.Debug|Any CPU.Build.0 = Debug|Any CPU
		{04CD7977-F1CE-4B2F-BEB3-9AD454A7A794}.Release|Any CPU.ActiveCfg = Release|Any CPU
		{04CD7977-F1CE-4B2F-BEB3-9AD454A7A794}.Release|Any CPU.Build.0 = Release|Any CPU
		{A7C7E993-0C2A-4920-8D07-843278424E0D}.Debug|Any CPU.ActiveCfg = Debug|Any CPU
		{A7C7E993-0C2A-4920-8D07-843278424E0D}.Debug|Any CPU.Build.0 = Debug|Any CPU
		{A7C7E993-0C2A-4920-8D07-843278424E0D}.Release|Any CPU.ActiveCfg = Release|Any CPU
		{A7C7E993-0C2A-4920-8D07-843278424E0D}.Release|Any CPU.Build.0 = Release|Any CPU
		{D70F3D1C-1F22-42D7-822F-7D360D561BDB}.Debug|Any CPU.ActiveCfg = Debug|Any CPU
		{D70F3D1C-1F22-42D7-822F-7D360D561BDB}.Debug|Any CPU.Build.0 = Debug|Any CPU
		{D70F3D1C-1F22-42D7-822F-7D360D561BDB}.Release|Any CPU.ActiveCfg = Release|Any CPU
		{D70F3D1C-1F22-42D7-822F-7D360D561BDB}.Release|Any CPU.Build.0 = Release|Any CPU
	EndGlobalSection
	GlobalSection(SolutionProperties) = preSolution
		HideSolutionNode = FALSE
	EndGlobalSection
	GlobalSection(NestedProjects) = preSolution
		{96E829A1-A9A3-44FE-A885-8262A63DE3F9} = {0B7EEBA2-B149-4FCA-AB33-F46EB600F469}
		{64DDEB89-DC63-4C23-BF7E-8191CE46545E} = {E2C31F35-29BA-41DF-AA84-0E0CE0AD12CB}
		{EC5EE85A-B4C4-44F5-9BBC-0FE453A0AD2A} = {E2C31F35-29BA-41DF-AA84-0E0CE0AD12CB}
		{5EB6E30A-66DC-4F2B-A09C-5E941742800B} = {E2C31F35-29BA-41DF-AA84-0E0CE0AD12CB}
		{04CD7977-F1CE-4B2F-BEB3-9AD454A7A794} = {5FE7E6BD-F61A-4343-B5E3-123B7C52A2ED}
		{A7C7E993-0C2A-4920-8D07-843278424E0D} = {5FE7E6BD-F61A-4343-B5E3-123B7C52A2ED}
		{D70F3D1C-1F22-42D7-822F-7D360D561BDB} = {5FE7E6BD-F61A-4343-B5E3-123B7C52A2ED}
	EndGlobalSection
	GlobalSection(ExtensibilityGlobals) = postSolution
		SolutionGuid = {85DFEF11-2139-443F-BB41-DEEDF34E55F5}
	EndGlobalSection
EndGlobal
